
Microsoft Visual Studio Solution File, Format Version 12.00
# Visual Studio Version 17
VisualStudioVersion = 17.4.33403.182
MinimumVisualStudioVersion = 10.0.40219.1
Project("{9A19103F-16F7-4668-BE54-9A1E7A4F7556}") = "UFSFacilityManagement", "UFSFacilityManagement\UFSFacilityManagement.csproj", "{DF428060-8C89-4F2F-9E5E-B434130D617F}"
EndProject
Global
	GlobalSection(SolutionConfigurationPlatforms) = preSolution
		Debug|Any CPU = Debug|Any CPU
		Release|Any CPU = Release|Any CPU
	EndGlobalSection
	GlobalSection(ProjectConfigurationPlatforms) = postSolution
		{DF428060-8C89-4F2F-9E5E-B434130D617F}.Debug|Any CPU.ActiveCfg = Debug|Any CPU
		{DF428060-8C89-4F2F-9E5E-B434130D617F}.Debug|Any CPU.Build.0 = Debug|Any CPU
		{DF428060-8C89-4F2F-9E5E-B434130D617F}.Release|Any CPU.ActiveCfg = Release|Any CPU
		{DF428060-8C89-4F2F-9E5E-B434130D617F}.Release|Any CPU.Build.0 = Release|Any CPU
	EndGlobalSection
	GlobalSection(SolutionProperties) = preSolution
		HideSolutionNode = FALSE
	EndGlobalSection
	GlobalSection(ExtensibilityGlobals) = postSolution
		SolutionGuid = {E2CAC22F-2696-49FF-AB99-687876D8F900}
	EndGlobalSection
EndGlobal
